{
  "name": "arazial",
  "lockfileVersion": 3,
  "requires": true,
  "packages": {
    "": {
      "dependencies": {
        "vm-browserify": "^1.1.2"
      }
    },
    "node_modules/vm-browserify": {
      "version": "1.1.2",
      "resolved": "https://registry.npmjs.org/vm-browserify/-/vm-browserify-1.1.2.tgz",
      "integrity": "sha512-2ham8XPWTONajOR0ohOKOHXkm3+gaBmGut3SRuu75xLd/RRaY6vqgh8NBYYk7+RW3u5AtzPQZG8F10LHkl0lAQ==",
      "license": "MIT"
    }
  }
}
